
Microsoft Visual Studio Solution File, Format Version 12.00
# Visual Studio Version 17
VisualStudioVersion = 17.10.35013.160
MinimumVisualStudioVersion = 10.0.40219.1
Project("{FAE04EC0-301F-11D3-BF4B-00C04F79EFBC}") = "Factory Processing and Logistics System", "Factory Processing and Logistics System\Factory Processing and Logistics System.csproj", "{0CBD5707-A5D7-4891-A1CA-10158015179B}"
EndProject
Global
	GlobalSection(SolutionConfigurationPlatforms) = preSolution
		Debug|Any CPU = Debug|Any CPU
		Release|Any CPU = Release|Any CPU
	EndGlobalSection
	GlobalSection(ProjectConfigurationPlatforms) = postSolution
		{0CBD5707-A5D7-4891-A1CA-10158015179B}.Debug|Any CPU.ActiveCfg = Debug|Any CPU
		{0CBD5707-A5D7-4891-A1CA-10158015179B}.Debug|Any CPU.Build.0 = Debug|Any CPU
		{0CBD5707-A5D7-4891-A1CA-10158015179B}.Release|Any CPU.ActiveCfg = Release|Any CPU
		{0CBD5707-A5D7-4891-A1CA-10158015179B}.Release|Any CPU.Build.0 = Release|Any CPU
	EndGlobalSection
	GlobalSection(SolutionProperties) = preSolution
		HideSolutionNode = FALSE
	EndGlobalSection
	GlobalSection(ExtensibilityGlobals) = postSolution
		SolutionGuid = {FEA86F79-8B6D-4482-95B2-8DD07BCEBC2E}
	EndGlobalSection
EndGlobal
